
Microsoft Visual Studio Solution File, Format Version 12.00
# Visual Studio Version 17
VisualStudioVersion = 17.14.37614.0
MinimumVisualStudioVersion = 10.0.40219.1
Project("{FAE04EC0-301F-11D3-BF4B-00C04F79EFBC}") = "Anchor.Runtime", "src\Anchor.Runtime\Anchor.Runtime.csproj", "{5B1DCB12-8971-D2C2-9929-67B643C6DFF5}"
EndProject
Project("{FAE04EC0-301F-11D3-BF4B-00C04F79EFBC}") = "Anchor.Verifiers.Dafny", "src\Anchor.Verifiers.Dafny\Anchor.Verifiers.Dafny.csproj", "{16D20281-2B2F-96B7-CB4B-76E21082F9E5}"
EndProject
Project("{2150E333-8FDC-42A3-9474-1A3956D46DE8}") = "Docs", "Docs", "{02EA681E-C7D8-13C7-8484-4AC65E1B71E8}"
	ProjectSection(SolutionItems) = preProject
		.gitignore = .gitignore
		CHANGELOG.md = CHANGELOG.md
		CLAUDE.md = CLAUDE.md
		EXISTING-RESEARCH.md = EXISTING-RESEARCH.md
		NOTICES.md = NOTICES.md
		src\translator\README.md = src\translator\README.md
		src\checker\README.md = src\checker\README.md
		src\annotations\README.md = src\annotations\README.md
		src\agent\README.md = src\agent\README.md
		README.md = README.md
	EndProjectSection
EndProject
Project("{2150E333-8FDC-42A3-9474-1A3956D46DE8}") = "Tests", "Tests", "{8C1EB6B3-A40E-4964-8913-154B82B68535}"
EndProject
Project("{FAE04EC0-301F-11D3-BF4B-00C04F79EFBC}") = "Anchor.Tests.Verifier", "tests\Anchor.Tests.Verifier\Anchor.Tests.Verifier.csproj", "{ABE0E5E7-289E-4E6E-A436-B2B9BE5D44AB}"
EndProject
Project("{FAE04EC0-301F-11D3-BF4B-00C04F79EFBC}") = "Anchor.Verifiers.TLAPlus", "src\Anchor.Verifiers.TLAPlus\Anchor.Verifiers.TLAPlus.csproj", "{CFC8345C-1D6C-F07B-40F9-D6EDC92CC0C6}"
EndProject
Project("{2150E333-8FDC-42A3-9474-1A3956D46DE8}") = "Core", "Core", "{F0069B9E-0A21-44CA-BC3F-81B77885FD03}"
EndProject
Project("{2150E333-8FDC-42A3-9474-1A3956D46DE8}") = "Base", "Base", "{25EF9753-7ED1-46AF-9710-108BC6F8D8CB}"
EndProject
Project("{888888A0-9F3D-457C-B088-3A5042F75D52}") = "strands", "tests\strands\strands.pyproj", "{07318915-327C-451F-8A99-9232160B40A3}"
EndProject
Project("{888888A0-9F3D-457C-B088-3A5042F75D52}") = "translator", "src\translator\translator.pyproj", "{3F6B1D24-9C0E-4A17-8B5D-2E91C7A4F0B3}"
EndProject
Project("{888888A0-9F3D-457C-B088-3A5042F75D52}") = "checker", "src\checker\checker.pyproj", "{8D41C0B7-5E2A-4F63-9A18-C7B0E6D3A294}"
EndProject
Project("{888888A0-9F3D-457C-B088-3A5042F75D52}") = "annotations", "src\annotations\annotations.pyproj", "{B2E7F381-4A96-4C05-9D72-1F38AB5C60E4}"
EndProject
Project("{2150E333-8FDC-42A3-9474-1A3956D46DE8}") = "Specs", "Specs", "{E24B88CB-E34F-4158-81FC-F95BAFF71157}"
EndProject
Project("{2150E333-8FDC-42A3-9474-1A3956D46DE8}") = "Specs", "Specs", "{72C83A35-EF40-48D6-8B0D-055CE4FAFA53}"
EndProject
Project("{2150E333-8FDC-42A3-9474-1A3956D46DE8}") = "TemporalPolicy", "TemporalPolicy", "{577D97A1-F266-4AD6-8E40-098A4680E311}"
	ProjectSection(SolutionItems) = preProject
		specs\policy\TemporalPolicy\README.md = specs\policy\TemporalPolicy\README.md
	EndProjectSection
EndProject
Project("{2150E333-8FDC-42A3-9474-1A3956D46DE8}") = "TemporalPolicy", "TemporalPolicy", "{64265074-44E7-4EED-BC6B-4CBD1DA19D61}"
EndProject
Project("{FAE04EC0-301F-11D3-BF4B-00C04F79EFBC}") = "Anchor.MCPServer", "src\Anchor.MCPServer\Anchor.MCPServer.csproj", "{99F0C558-1134-4CD2-AE56-D0AA75EFD83C}"
EndProject
Project("{FAE04EC0-301F-11D3-BF4B-00C04F79EFBC}") = "Anchor.Tests.MCPServer", "tests\Anchor.Tests.MCPServer\Anchor.Tests.MCPServer.csproj", "{D574E189-B9C6-4979-8E8A-055DF574AC25}"
EndProject
Project("{FAE04EC0-301F-11D3-BF4B-00C04F79EFBC}") = "Anchor.CLI", "src\Anchor.CLI\Anchor.CLI.csproj", "{AF7713A6-C0BE-409D-83BC-7DB0B708B211}"
EndProject
Project("{2150E333-8FDC-42A3-9474-1A3956D46DE8}") = "Scripts", "Scripts", "{3B5775B7-C313-45CA-BA01-C5F2AEF997BA}"
	ProjectSection(SolutionItems) = preProject
		anchor = anchor
		anchor.ps1 = anchor.ps1
		build.ps1 = build.ps1
		build.sh = build.sh
		Directory.Build.props = Directory.Build.props
	EndProjectSection
EndProject
Project("{888888A0-9F3D-457C-B088-3A5042F75D52}") = "agent", "src\agent\agent.pyproj", "{4C9A2E15-7B83-4D26-8E0F-5A1C3D7B92E6}"
EndProject
Project("{2150E333-8FDC-42A3-9474-1A3956D46DE8}") = "Examples", "Examples", "{FC91202A-F219-4D48-BA09-B73BB4B43485}"
EndProject
Project("{2150E333-8FDC-42A3-9474-1A3956D46DE8}") = "aws1", "aws1", "{EEEAAF25-06EC-4DFA-BA18-3E18D1EC3F3F}"
	ProjectSection(SolutionItems) = preProject
		examples\aws1\01-workflow-sequencing.dw = examples\aws1\01-workflow-sequencing.dw
		examples\aws1\02-output-to-input.dw = examples\aws1\02-output-to-input.dw
		examples\aws1\03-data-freshness.dw = examples\aws1\03-data-freshness.dw
		examples\aws1\07-trust-decay.dw = examples\aws1\07-trust-decay.dw
		examples\aws1\findings.md = examples\aws1\findings.md
		examples\aws1\intents.md = examples\aws1\intents.md
		examples\aws1\questions.md = examples\aws1\questions.md
		examples\aws1\README.md = examples\aws1\README.md
		examples\aws1\results.json = examples\aws1\results.json
		examples\aws1\TradeGate.cfg = examples\aws1\TradeGate.cfg
		examples\aws1\TradeGate.tla = examples\aws1\TradeGate.tla
		examples\aws1\transcript.md = examples\aws1\transcript.md
		examples\aws1\TrustDecay.cfg = examples\aws1\TrustDecay.cfg
		examples\aws1\TrustDecay.tla = examples\aws1\TrustDecay.tla
		examples\aws1\TrustDecay10.cfg = examples\aws1\TrustDecay10.cfg
		examples\aws1\TrustDecay10.tla = examples\aws1\TrustDecay10.tla
	EndProjectSection
EndProject
Project("{2150E333-8FDC-42A3-9474-1A3956D46DE8}") = "aws2", "aws2", "{3482C1EF-68EF-4399-A161-3DA74CC62ACC}"
	ProjectSection(SolutionItems) = preProject
		examples\aws2\01-business-hours.dw = examples\aws2\01-business-hours.dw
		examples\aws2\02-identity-verification.dw = examples\aws2\02-identity-verification.dw
		examples\aws2\03-cumulative-cap.dw = examples\aws2\03-cumulative-cap.dw
		examples\aws2\04-refund-rate-limit.dw = examples\aws2\04-refund-rate-limit.dw
		examples\aws2\06-supervisor-approval.dw = examples\aws2\06-supervisor-approval.dw
		examples\aws2\agent-policy.dw = examples\aws2\agent-policy.dw
		examples\aws2\CumulativeCap.cfg = examples\aws2\CumulativeCap.cfg
		examples\aws2\CumulativeCap.tla = examples\aws2\CumulativeCap.tla
		examples\aws2\findings.md = examples\aws2\findings.md
		examples\aws2\intents.md = examples\aws2\intents.md
		examples\aws2\README.md = examples\aws2\README.md
		examples\aws2\requirements.md = examples\aws2\requirements.md
		examples\aws2\results.json = examples\aws2\results.json
	EndProjectSection
EndProject
Project("{2150E333-8FDC-42A3-9474-1A3956D46DE8}") = "dogwoodrepo1", "dogwoodrepo1", "{9CE1B689-1EE0-42C6-A2AF-76D54911431B}"
	ProjectSection(SolutionItems) = preProject
		examples\dogwoodrepo1\findings.html = examples\dogwoodrepo1\findings.html
		examples\dogwoodrepo1\findings.md = examples\dogwoodrepo1\findings.md
		examples\dogwoodrepo1\guide-set.dw = examples\dogwoodrepo1\guide-set.dw
		examples\dogwoodrepo1\README.md = examples\dogwoodrepo1\README.md
		examples\dogwoodrepo1\results.json = examples\dogwoodrepo1\results.json
		examples\dogwoodrepo1\schema.cedarschema = examples\dogwoodrepo1\schema.cedarschema
		examples\dogwoodrepo1\skill-set.dw = examples\dogwoodrepo1\skill-set.dw
		examples\dogwoodrepo1\SuccessfulRead.cfg = examples\dogwoodrepo1\SuccessfulRead.cfg
		examples\dogwoodrepo1\SuccessfulRead.tla = examples\dogwoodrepo1\SuccessfulRead.tla
		examples\dogwoodrepo1\SuccessfulReadGuide.cfg = examples\dogwoodrepo1\SuccessfulReadGuide.cfg
		examples\dogwoodrepo1\SuccessfulReadGuide.tla = examples\dogwoodrepo1\SuccessfulReadGuide.tla
	EndProjectSection
EndProject
Global
	GlobalSection(SolutionConfigurationPlatforms) = preSolution
		Debug|Any CPU = Debug|Any CPU
		Debug|x64 = Debug|x64
		Debug|x86 = Debug|x86
		Release|Any CPU = Release|Any CPU
		Release|x64 = Release|x64
		Release|x86 = Release|x86
	EndGlobalSection
	GlobalSection(ProjectConfigurationPlatforms) = postSolution
		{5B1DCB12-8971-D2C2-9929-67B643C6DFF5}.Debug|Any CPU.ActiveCfg = Debug|Any CPU
		{5B1DCB12-8971-D2C2-9929-67B643C6DFF5}.Debug|Any CPU.Build.0 = Debug|Any CPU
		{5B1DCB12-8971-D2C2-9929-67B643C6DFF5}.Debug|x64.ActiveCfg = Debug|Any CPU
		{5B1DCB12-8971-D2C2-9929-67B643C6DFF5}.Debug|x64.Build.0 = Debug|Any CPU
		{5B1DCB12-8971-D2C2-9929-67B643C6DFF5}.Debug|x86.ActiveCfg = Debug|Any CPU
		{5B1DCB12-8971-D2C2-9929-67B643C6DFF5}.Debug|x86.Build.0 = Debug|Any CPU
		{5B1DCB12-8971-D2C2-9929-67B643C6DFF5}.Release|Any CPU.ActiveCfg = Release|Any CPU
		{5B1DCB12-8971-D2C2-9929-67B643C6DFF5}.Release|Any CPU.Build.0 = Release|Any CPU
		{5B1DCB12-8971-D2C2-9929-67B643C6DFF5}.Release|x64.ActiveCfg = Release|Any CPU
		{5B1DCB12-8971-D2C2-9929-67B643C6DFF5}.Release|x64.Build.0 = Release|Any CPU
		{5B1DCB12-8971-D2C2-9929-67B643C6DFF5}.Release|x86.ActiveCfg = Release|Any CPU
		{5B1DCB12-8971-D2C2-9929-67B643C6DFF5}.Release|x86.Build.0 = Release|Any CPU
		{16D20281-2B2F-96B7-CB4B-76E21082F9E5}.Debug|Any CPU.ActiveCfg = Debug|Any CPU
		{16D20281-2B2F-96B7-CB4B-76E21082F9E5}.Debug|Any CPU.Build.0 = Debug|Any CPU
		{16D20281-2B2F-96B7-CB4B-76E21082F9E5}.Debug|x64.ActiveCfg = Debug|Any CPU
		{16D20281-2B2F-96B7-CB4B-76E21082F9E5}.Debug|x64.Build.0 = Debug|Any CPU
		{16D20281-2B2F-96B7-CB4B-76E21082F9E5}.Debug|x86.ActiveCfg = Debug|Any CPU
		{16D20281-2B2F-96B7-CB4B-76E21082F9E5}.Debug|x86.Build.0 = Debug|Any CPU
		{16D20281-2B2F-96B7-CB4B-76E21082F9E5}.Release|Any CPU.ActiveCfg = Release|Any CPU
		{16D20281-2B2F-96B7-CB4B-76E21082F9E5}.Release|Any CPU.Build.0 = Release|Any CPU
		{16D20281-2B2F-96B7-CB4B-76E21082F9E5}.Release|x64.ActiveCfg = Release|Any CPU
		{16D20281-2B2F-96B7-CB4B-76E21082F9E5}.Release|x64.Build.0 = Release|Any CPU
		{16D20281-2B2F-96B7-CB4B-76E21082F9E5}.Release|x86.ActiveCfg = Release|Any CPU
		{16D20281-2B2F-96B7-CB4B-76E21082F9E5}.Release|x86.Build.0 = Release|Any CPU
		{ABE0E5E7-289E-4E6E-A436-B2B9BE5D44AB}.Debug|Any CPU.ActiveCfg = Debug|Any CPU
		{ABE0E5E7-289E-4E6E-A436-B2B9BE5D44AB}.Debug|Any CPU.Build.0 = Debug|Any CPU
		{ABE0E5E7-289E-4E6E-A436-B2B9BE5D44AB}.Debug|x64.ActiveCfg = Debug|Any CPU
		{ABE0E5E7-289E-4E6E-A436-B2B9BE5D44AB}.Debug|x64.Build.0 = Debug|Any CPU
		{ABE0E5E7-289E-4E6E-A436-B2B9BE5D44AB}.Debug|x86.ActiveCfg = Debug|Any CPU
		{ABE0E5E7-289E-4E6E-A436-B2B9BE5D44AB}.Debug|x86.Build.0 = Debug|Any CPU
		{ABE0E5E7-289E-4E6E-A436-B2B9BE5D44AB}.Release|Any CPU.ActiveCfg = Release|Any CPU
		{ABE0E5E7-289E-4E6E-A436-B2B9BE5D44AB}.Release|Any CPU.Build.0 = Release|Any CPU
		{ABE0E5E7-289E-4E6E-A436-B2B9BE5D44AB}.Release|x64.ActiveCfg = Release|Any CPU
		{ABE0E5E7-289E-4E6E-A436-B2B9BE5D44AB}.Release|x64.Build.0 = Release|Any CPU
		{ABE0E5E7-289E-4E6E-A436-B2B9BE5D44AB}.Release|x86.ActiveCfg = Release|Any CPU
		{ABE0E5E7-289E-4E6E-A436-B2B9BE5D44AB}.Release|x86.Build.0 = Release|Any CPU
		{CFC8345C-1D6C-F07B-40F9-D6EDC92CC0C6}.Debug|Any CPU.ActiveCfg = Debug|Any CPU
		{CFC8345C-1D6C-F07B-40F9-D6EDC92CC0C6}.Debug|Any CPU.Build.0 = Debug|Any CPU
		{CFC8345C-1D6C-F07B-40F9-D6EDC92CC0C6}.Debug|x64.ActiveCfg = Debug|Any CPU
		{CFC8345C-1D6C-F07B-40F9-D6EDC92CC0C6}.Debug|x64.Build.0 = Debug|Any CPU
		{CFC8345C-1D6C-F07B-40F9-D6EDC92CC0C6}.Debug|x86.ActiveCfg = Debug|Any CPU
		{CFC8345C-1D6C-F07B-40F9-D6EDC92CC0C6}.Debug|x86.Build.0 = Debug|Any CPU
		{CFC8345C-1D6C-F07B-40F9-D6EDC92CC0C6}.Release|Any CPU.ActiveCfg = Release|Any CPU
		{CFC8345C-1D6C-F07B-40F9-D6EDC92CC0C6}.Release|Any CPU.Build.0 = Release|Any CPU
		{CFC8345C-1D6C-F07B-40F9-D6EDC92CC0C6}.Release|x64.ActiveCfg = Release|Any CPU
		{CFC8345C-1D6C-F07B-40F9-D6EDC92CC0C6}.Release|x64.Build.0 = Release|Any CPU
		{CFC8345C-1D6C-F07B-40F9-D6EDC92CC0C6}.Release|x86.ActiveCfg = Release|Any CPU
		{CFC8345C-1D6C-F07B-40F9-D6EDC92CC0C6}.Release|x86.Build.0 = Release|Any CPU
		{07318915-327C-451F-8A99-9232160B40A3}.Debug|Any CPU.ActiveCfg = Debug|Any CPU
		{07318915-327C-451F-8A99-9232160B40A3}.Debug|x64.ActiveCfg = Debug|x64
		{07318915-327C-451F-8A99-9232160B40A3}.Debug|x64.Build.0 = Debug|x64
		{07318915-327C-451F-8A99-9232160B40A3}.Debug|x86.ActiveCfg = Debug|x86
		{07318915-327C-451F-8A99-9232160B40A3}.Debug|x86.Build.0 = Debug|x86
		{07318915-327C-451F-8A99-9232160B40A3}.Release|Any CPU.ActiveCfg = Release|Any CPU
		{07318915-327C-451F-8A99-9232160B40A3}.Release|x64.ActiveCfg = Release|x64
		{07318915-327C-451F-8A99-9232160B40A3}.Release|x64.Build.0 = Release|x64
		{07318915-327C-451F-8A99-9232160B40A3}.Release|x86.ActiveCfg = Release|x86
		{07318915-327C-451F-8A99-9232160B40A3}.Release|x86.Build.0 = Release|x86
		{3F6B1D24-9C0E-4A17-8B5D-2E91C7A4F0B3}.Debug|Any CPU.ActiveCfg = Debug|Any CPU
		{3F6B1D24-9C0E-4A17-8B5D-2E91C7A4F0B3}.Debug|x64.ActiveCfg = Debug|x64
		{3F6B1D24-9C0E-4A17-8B5D-2E91C7A4F0B3}.Debug|x64.Build.0 = Debug|x64
		{3F6B1D24-9C0E-4A17-8B5D-2E91C7A4F0B3}.Debug|x86.ActiveCfg = Debug|x86
		{3F6B1D24-9C0E-4A17-8B5D-2E91C7A4F0B3}.Debug|x86.Build.0 = Debug|x86
		{3F6B1D24-9C0E-4A17-8B5D-2E91C7A4F0B3}.Release|Any CPU.ActiveCfg = Release|Any CPU
		{3F6B1D24-9C0E-4A17-8B5D-2E91C7A4F0B3}.Release|x64.ActiveCfg = Release|x64
		{3F6B1D24-9C0E-4A17-8B5D-2E91C7A4F0B3}.Release|x64.Build.0 = Release|x64
		{3F6B1D24-9C0E-4A17-8B5D-2E91C7A4F0B3}.Release|x86.ActiveCfg = Release|x86
		{3F6B1D24-9C0E-4A17-8B5D-2E91C7A4F0B3}.Release|x86.Build.0 = Release|x86
		{8D41C0B7-5E2A-4F63-9A18-C7B0E6D3A294}.Debug|Any CPU.ActiveCfg = Debug|Any CPU
		{8D41C0B7-5E2A-4F63-9A18-C7B0E6D3A294}.Debug|x64.ActiveCfg = Debug|x64
		{8D41C0B7-5E2A-4F63-9A18-C7B0E6D3A294}.Debug|x64.Build.0 = Debug|x64
		{8D41C0B7-5E2A-4F63-9A18-C7B0E6D3A294}.Debug|x86.ActiveCfg = Debug|x86
		{8D41C0B7-5E2A-4F63-9A18-C7B0E6D3A294}.Debug|x86.Build.0 = Debug|x86
		{8D41C0B7-5E2A-4F63-9A18-C7B0E6D3A294}.Release|Any CPU.ActiveCfg = Release|Any CPU
		{8D41C0B7-5E2A-4F63-9A18-C7B0E6D3A294}.Release|x64.ActiveCfg = Release|x64
		{8D41C0B7-5E2A-4F63-9A18-C7B0E6D3A294}.Release|x64.Build.0 = Release|x64
		{8D41C0B7-5E2A-4F63-9A18-C7B0E6D3A294}.Release|x86.ActiveCfg = Release|x86
		{8D41C0B7-5E2A-4F63-9A18-C7B0E6D3A294}.Release|x86.Build.0 = Release|x86
		{B2E7F381-4A96-4C05-9D72-1F38AB5C60E4}.Debug|Any CPU.ActiveCfg = Debug|Any CPU
		{B2E7F381-4A96-4C05-9D72-1F38AB5C60E4}.Debug|x64.ActiveCfg = Debug|x64
		{B2E7F381-4A96-4C05-9D72-1F38AB5C60E4}.Debug|x64.Build.0 = Debug|x64
		{B2E7F381-4A96-4C05-9D72-1F38AB5C60E4}.Debug|x86.ActiveCfg = Debug|x86
		{B2E7F381-4A96-4C05-9D72-1F38AB5C60E4}.Debug|x86.Build.0 = Debug|x86
		{B2E7F381-4A96-4C05-9D72-1F38AB5C60E4}.Release|Any CPU.ActiveCfg = Release|Any CPU
		{B2E7F381-4A96-4C05-9D72-1F38AB5C60E4}.Release|x64.ActiveCfg = Release|x64
		{B2E7F381-4A96-4C05-9D72-1F38AB5C60E4}.Release|x64.Build.0 = Release|x64
		{B2E7F381-4A96-4C05-9D72-1F38AB5C60E4}.Release|x86.ActiveCfg = Release|x86
		{B2E7F381-4A96-4C05-9D72-1F38AB5C60E4}.Release|x86.Build.0 = Release|x86
		{99F0C558-1134-4CD2-AE56-D0AA75EFD83C}.Debug|Any CPU.ActiveCfg = Debug|Any CPU
		{99F0C558-1134-4CD2-AE56-D0AA75EFD83C}.Debug|Any CPU.Build.0 = Debug|Any CPU
		{99F0C558-1134-4CD2-AE56-D0AA75EFD83C}.Debug|x64.ActiveCfg = Debug|Any CPU
		{99F0C558-1134-4CD2-AE56-D0AA75EFD83C}.Debug|x64.Build.0 = Debug|Any CPU
		{99F0C558-1134-4CD2-AE56-D0AA75EFD83C}.Debug|x86.ActiveCfg = Debug|Any CPU
		{99F0C558-1134-4CD2-AE56-D0AA75EFD83C}.Debug|x86.Build.0 = Debug|Any CPU
		{99F0C558-1134-4CD2-AE56-D0AA75EFD83C}.Release|Any CPU.ActiveCfg = Release|Any CPU
		{99F0C558-1134-4CD2-AE56-D0AA75EFD83C}.Release|Any CPU.Build.0 = Release|Any CPU
		{99F0C558-1134-4CD2-AE56-D0AA75EFD83C}.Release|x64.ActiveCfg = Release|Any CPU
		{99F0C558-1134-4CD2-AE56-D0AA75EFD83C}.Release|x64.Build.0 = Release|Any CPU
		{99F0C558-1134-4CD2-AE56-D0AA75EFD83C}.Release|x86.ActiveCfg = Release|Any CPU
		{99F0C558-1134-4CD2-AE56-D0AA75EFD83C}.Release|x86.Build.0 = Release|Any CPU
		{D574E189-B9C6-4979-8E8A-055DF574AC25}.Debug|Any CPU.ActiveCfg = Debug|Any CPU
		{D574E189-B9C6-4979-8E8A-055DF574AC25}.Debug|Any CPU.Build.0 = Debug|Any CPU
		{D574E189-B9C6-4979-8E8A-055DF574AC25}.Debug|x64.ActiveCfg = Debug|Any CPU
		{D574E189-B9C6-4979-8E8A-055DF574AC25}.Debug|x64.Build.0 = Debug|Any CPU
		{D574E189-B9C6-4979-8E8A-055DF574AC25}.Debug|x86.ActiveCfg = Debug|Any CPU
		{D574E189-B9C6-4979-8E8A-055DF574AC25}.Debug|x86.Build.0 = Debug|Any CPU
		{D574E189-B9C6-4979-8E8A-055DF574AC25}.Release|Any CPU.ActiveCfg = Release|Any CPU
		{D574E189-B9C6-4979-8E8A-055DF574AC25}.Release|Any CPU.Build.0 = Release|Any CPU
		{D574E189-B9C6-4979-8E8A-055DF574AC25}.Release|x64.ActiveCfg = Release|Any CPU
		{D574E189-B9C6-4979-8E8A-055DF574AC25}.Release|x64.Build.0 = Release|Any CPU
		{D574E189-B9C6-4979-8E8A-055DF574AC25}.Release|x86.ActiveCfg = Release|Any CPU
		{D574E189-B9C6-4979-8E8A-055DF574AC25}.Release|x86.Build.0 = Release|Any CPU
		{AF7713A6-C0BE-409D-83BC-7DB0B708B211}.Debug|Any CPU.ActiveCfg = Debug|Any CPU
		{AF7713A6-C0BE-409D-83BC-7DB0B708B211}.Debug|Any CPU.Build.0 = Debug|Any CPU
		{AF7713A6-C0BE-409D-83BC-7DB0B708B211}.Debug|x64.ActiveCfg = Debug|Any CPU
		{AF7713A6-C0BE-409D-83BC-7DB0B708B211}.Debug|x64.Build.0 = Debug|Any CPU
		{AF7713A6-C0BE-409D-83BC-7DB0B708B211}.Debug|x86.ActiveCfg = Debug|Any CPU
		{AF7713A6-C0BE-409D-83BC-7DB0B708B211}.Debug|x86.Build.0 = Debug|Any CPU
		{AF7713A6-C0BE-409D-83BC-7DB0B708B211}.Release|Any CPU.ActiveCfg = Release|Any CPU
		{AF7713A6-C0BE-409D-83BC-7DB0B708B211}.Release|Any CPU.Build.0 = Release|Any CPU
		{AF7713A6-C0BE-409D-83BC-7DB0B708B211}.Release|x64.ActiveCfg = Release|Any CPU
		{AF7713A6-C0BE-409D-83BC-7DB0B708B211}.Release|x64.Build.0 = Release|Any CPU
		{AF7713A6-C0BE-409D-83BC-7DB0B708B211}.Release|x86.ActiveCfg = Release|Any CPU
		{AF7713A6-C0BE-409D-83BC-7DB0B708B211}.Release|x86.Build.0 = Release|Any CPU
		{4C9A2E15-7B83-4D26-8E0F-5A1C3D7B92E6}.Debug|Any CPU.ActiveCfg = Debug|Any CPU
		{4C9A2E15-7B83-4D26-8E0F-5A1C3D7B92E6}.Debug|x64.ActiveCfg = Debug|Any CPU
		{4C9A2E15-7B83-4D26-8E0F-5A1C3D7B92E6}.Debug|x86.ActiveCfg = Debug|Any CPU
		{4C9A2E15-7B83-4D26-8E0F-5A1C3D7B92E6}.Release|Any CPU.ActiveCfg = Release|Any CPU
		{4C9A2E15-7B83-4D26-8E0F-5A1C3D7B92E6}.Release|x64.ActiveCfg = Release|Any CPU
		{4C9A2E15-7B83-4D26-8E0F-5A1C3D7B92E6}.Release|x86.ActiveCfg = Release|Any CPU
	EndGlobalSection
	GlobalSection(SolutionProperties) = preSolution
		HideSolutionNode = FALSE
	EndGlobalSection
	GlobalSection(NestedProjects) = preSolution
		{5B1DCB12-8971-D2C2-9929-67B643C6DFF5} = {25EF9753-7ED1-46AF-9710-108BC6F8D8CB}
		{16D20281-2B2F-96B7-CB4B-76E21082F9E5} = {F0069B9E-0A21-44CA-BC3F-81B77885FD03}
		{ABE0E5E7-289E-4E6E-A436-B2B9BE5D44AB} = {8C1EB6B3-A40E-4964-8913-154B82B68535}
		{CFC8345C-1D6C-F07B-40F9-D6EDC92CC0C6} = {F0069B9E-0A21-44CA-BC3F-81B77885FD03}
		{07318915-327C-451F-8A99-9232160B40A3} = {8C1EB6B3-A40E-4964-8913-154B82B68535}
		{3F6B1D24-9C0E-4A17-8B5D-2E91C7A4F0B3} = {F0069B9E-0A21-44CA-BC3F-81B77885FD03}
		{8D41C0B7-5E2A-4F63-9A18-C7B0E6D3A294} = {F0069B9E-0A21-44CA-BC3F-81B77885FD03}
		{B2E7F381-4A96-4C05-9D72-1F38AB5C60E4} = {F0069B9E-0A21-44CA-BC3F-81B77885FD03}
		{72C83A35-EF40-48D6-8B0D-055CE4FAFA53} = {02EA681E-C7D8-13C7-8484-4AC65E1B71E8}
		{577D97A1-F266-4AD6-8E40-098A4680E311} = {72C83A35-EF40-48D6-8B0D-055CE4FAFA53}
		{64265074-44E7-4EED-BC6B-4CBD1DA19D61} = {E24B88CB-E34F-4158-81FC-F95BAFF71157}
		{99F0C558-1134-4CD2-AE56-D0AA75EFD83C} = {F0069B9E-0A21-44CA-BC3F-81B77885FD03}
		{D574E189-B9C6-4979-8E8A-055DF574AC25} = {8C1EB6B3-A40E-4964-8913-154B82B68535}
		{AF7713A6-C0BE-409D-83BC-7DB0B708B211} = {F0069B9E-0A21-44CA-BC3F-81B77885FD03}
		{4C9A2E15-7B83-4D26-8E0F-5A1C3D7B92E6} = {F0069B9E-0A21-44CA-BC3F-81B77885FD03}
		{EEEAAF25-06EC-4DFA-BA18-3E18D1EC3F3F} = {FC91202A-F219-4D48-BA09-B73BB4B43485}
		{3482C1EF-68EF-4399-A161-3DA74CC62ACC} = {FC91202A-F219-4D48-BA09-B73BB4B43485}
		{9CE1B689-1EE0-42C6-A2AF-76D54911431B} = {FC91202A-F219-4D48-BA09-B73BB4B43485}
	EndGlobalSection
	GlobalSection(ExtensibilityGlobals) = postSolution
		SolutionGuid = {F5715F99-B6C8-47A8-8813-968B2AEF6BB2}
	EndGlobalSection
EndGlobal
